<?xml version="1.0" encoding="utf-8"?>
<Project ToolsVersion="4.0" xmlns="http://schemas.microsoft.com/developer/msbuild/2003">
  <ItemGroup>
    <Filter Include="Source Files">
      <UniqueIdentifier>{4FC737F1-C7A5-4376-A066-2A32D752A2FF}</UniqueIdentifier>
      <Extensions>cpp;c;cc;cxx;def;odl;idl;hpj;bat;asm;asmx</Extensions>
    </Filter>
    <Filter Include="Header Files">
      <UniqueIdentifier>{93995380-89BD-4b04-88EB-625FBE52EBFB}</UniqueIdentifier>
      <Extensions>h;hh;hpp;hxx;hm;inl;inc;ipp;xsd</Extensions>
    </Filter>
    <Filter Include="Resource Files">
      <UniqueIdentifier>{67DA6AB6-F800-4c08-8B7A-83BB121AAD01}</UniqueIdentifier>
      <Extensions>rc;ico;cur;bmp;dlg;rc2;rct;bin;rgs;gif;jpg;jpeg;jpe;resx;tiff;tif;png;wav;mfcribbon-ms</Extensions>
    </Filter>
  </ItemGroup>
  <ItemGroup>
    <ClCompile Include="impl\win64\core\Win64Applilcation.cpp">
      <Filter>Source Files</Filter>
    </ClCompile>
    <ClCompile Include="impl\win64\core\Win64CoreComponent.cpp">
      <Filter>Source Files</Filter>
    </ClCompile>
    <ClCompile Include="impl\win64\core\Win64Window.cpp">
      <Filter>Source Files</Filter>
    </ClCompile>
    <ClCompile Include="impl\common\core\SleepFutureGovernor.cpp">
      <Filter>Source Files</Filter>
    </ClCompile>
    <ClCompile Include="impl\common\core\FrameUpdateMetrics.cpp">
      <Filter>Source Files</Filter>
    </ClCompile>
    <ClCompile Include="impl\win64\graphics\dx11\dx11GraphicComponent.cpp">
      <Filter>Source Files</Filter>
    </ClCompile>
    <ClCompile Include="impl\win64\cubit.cpp">
      <Filter>Source Files</Filter>
    </ClCompile>
    <ClCompile Include="impl\win64\os\QPCTimer.cpp">
      <Filter>Source Files</Filter>
    </ClCompile>
    <ClCompile Include="impl\win64\os\VCDebugLogger.cpp">
      <Filter>Source Files</Filter>
    </ClCompile>
    <ClCompile Include="impl\win64\os\WaitableTimerSleepFuture.cpp">
      <Filter>Source Files</Filter>
    </ClCompile>
    <ClCompile Include="impl\common\config\ConstMapConfig.cpp">
      <Filter>Source Files</Filter>
    </ClCompile>
    <ClCompile Include="impl\common\config\CommonConfigComponent.cpp">
      <Filter>Source Files</Filter>
    </ClCompile>
    <ClCompile Include="impl\win64\os\Win64OsComponent.cpp">
      <Filter>Source Files</Filter>
    </ClCompile>
    <ClCompile Include="impl\win64\os\Win64Util.cpp">
      <Filter>Source Files</Filter>
    </ClCompile>
    <ClCompile Include="impl\common\core\CommonCoreComponent.cpp">
      <Filter>Source Files</Filter>
    </ClCompile>
    <ClCompile Include="impl\win64\graphics\dx11\Dx11Renderer.cpp">
      <Filter>Source Files</Filter>
    </ClCompile>
    <ClCompile Include="impl\win64\graphics\dx11\Dx11RenderTarget.cpp">
      <Filter>Source Files</Filter>
    </ClCompile>
    <ClCompile Include="impl\win64\graphics\dx11\Dx11Texture2D.cpp">
      <Filter>Source Files</Filter>
    </ClCompile>
    <ClCompile Include="impl\win64\graphics\dx11\DxResult.cpp">
      <Filter>Source Files</Filter>
    </ClCompile>
    <ClCompile Include="impl\win64\graphics\dx11\Dx11VertexShader.cpp">
      <Filter>Source Files</Filter>
    </ClCompile>
    <ClCompile Include="impl\win64\graphics\dx11\Dx11PixelShader.cpp">
      <Filter>Source Files</Filter>
    </ClCompile>
    <ClCompile Include="impl\win64\graphics\dx11\Dx11ShaderCompiler.cpp">
      <Filter>Source Files</Filter>
    </ClCompile>
    <ClCompile Include="impl\win64\graphics\dx11\Dx11InternalComponent.cpp">
      <Filter>Source Files</Filter>
    </ClCompile>
    <ClCompile Include="impl\win64\graphics\dx11\Dx11VertexBuffer.cpp">
      <Filter>Source Files</Filter>
    </ClCompile>
    <ClCompile Include="include\cubit\math\Vector4.inl">
      <Filter>Source Files</Filter>
    </ClCompile>
    <ClCompile Include="impl\win64\graphics\dx11\Dx11Model.cpp">
      <Filter>Source Files</Filter>
    </ClCompile>
    <ClCompile Include="impl\win64\graphics\dx11\models\DebugAxis.cpp">
      <Filter>Source Files</Filter>
    </ClCompile>
    <ClCompile Include="impl\common\graphics\SceneImpl.cpp">
      <Filter>Source Files</Filter>
    </ClCompile>
    <ClCompile Include="impl\win64\graphics\dx11\Dx11Material.cpp">
      <Filter>Source Files</Filter>
    </ClCompile>
    <ClCompile Include="impl\win64\graphics\dx11\Dx11Resources.cpp">
      <Filter>Source Files</Filter>
    </ClCompile>
    <ClCompile Include="impl\win64\Input\Win64Input.cpp">
      <Filter>Source Files</Filter>
    </ClCompile>
    <ClCompile Include="impl\win64\Input\Win64InputComponent.cpp">
      <Filter>Source Files</Filter>
    </ClCompile>
    <ClCompile Include="impl\common\inject\FactoryRegistryImpl.cpp">
      <Filter>Source Files</Filter>
    </ClCompile>
    <ClCompile Include="impl\common\inject\CommonInjectComponent.cpp">
      <Filter>Source Files</Filter>
    </ClCompile>
    <ClCompile Include="impl\win64\graphics\dx11\models\Dx11ModelsRegistry.cpp">
      <Filter>Source Files</Filter>
    </ClCompile>
  </ItemGroup>
  <ItemGroup>
    <ClInclude Include="include\cubit\cubit.h">
      <Filter>Header Files</Filter>
    </ClInclude>
    <ClInclude Include="include\cubit\core\application.h">
      <Filter>Header Files</Filter>
    </ClInclude>
    <ClInclude Include="impl\win64\core\Win64Application.h">
      <Filter>Header Files</Filter>
    </ClInclude>
    <ClInclude Include="impl\win64\core\Win64CoreComponent.h">
      <Filter>Header Files</Filter>
    </ClInclude>
    <ClInclude Include="include\cubit\core\Window.h">
      <Filter>Header Files</Filter>
    </ClInclude>
    <ClInclude Include="impl\win64\core\Win64Window.h">
      <Filter>Header Files</Filter>
    </ClInclude>
    <ClInclude Include="include\cubit\graphics\Renderer.h">
      <Filter>Header Files</Filter>
    </ClInclude>
    <ClInclude Include="impl\common\core\CommonCoreComponent.h">
      <Filter>Header Files</Filter>
    </ClInclude>
    <ClInclude Include="impl\common\core\FrameRateGovernor.h">
      <Filter>Header Files</Filter>
    </ClInclude>
    <ClInclude Include="impl\common\core\SleepFutureGovernor.h">
      <Filter>Header Files</Filter>
    </ClInclude>
    <ClInclude Include="include\cubit\core\FrameUpdateMetrics.h">
      <Filter>Header Files</Filter>
    </ClInclude>
    <ClInclude Include="impl\win64\graphics\dx11\dx11GraphicComponent.h">
      <Filter>Header Files</Filter>
    </ClInclude>
    <ClInclude Include="impl\win64\os\QPCTimer.h">
      <Filter>Header Files</Filter>
    </ClInclude>
    <ClInclude Include="impl\win64\os\VCDebugLogger.h">
      <Filter>Header Files</Filter>
    </ClInclude>
    <ClInclude Include="impl\win64\os\WaitableTimerSleepFuture.h">
      <Filter>Header Files</Filter>
    </ClInclude>
    <ClInclude Include="include\cubit\os\Logger.h">
      <Filter>Header Files</Filter>
    </ClInclude>
    <ClInclude Include="include\cubit\os\os.h">
      <Filter>Header Files</Filter>
    </ClInclude>
    <ClInclude Include="include\cubit\os\SleepFuture.h">
      <Filter>Header Files</Filter>
    </ClInclude>
    <ClInclude Include="include\cubit\os\Timer.h">
      <Filter>Header Files</Filter>
    </ClInclude>
    <ClInclude Include="include\cubit\config\config.h">
      <Filter>Header Files</Filter>
    </ClInclude>
    <ClInclude Include="impl\common\config\ConstMapConfig.h">
      <Filter>Header Files</Filter>
    </ClInclude>
    <ClInclude Include="impl\common\config\CommonConfigComponent.h">
      <Filter>Header Files</Filter>
    </ClInclude>
    <ClInclude Include="impl\win64\os\Win64OsComponent.h">
      <Filter>Header Files</Filter>
    </ClInclude>
    <ClInclude Include="impl\win64\os\Win64Util.h">
      <Filter>Header Files</Filter>
    </ClInclude>
    <ClInclude Include="impl\win64\graphics\dx11\Dx11Renderer.h">
      <Filter>Header Files</Filter>
    </ClInclude>
    <ClInclude Include="impl\win64\graphics\Win64Renderer.h">
      <Filter>Header Files</Filter>
    </ClInclude>
    <ClInclude Include="include\cubit\graphics\RenderTarget.h">
      <Filter>Header Files</Filter>
    </ClInclude>
    <ClInclude Include="include\cubit\graphics\Texture2D.h">
      <Filter>Header Files</Filter>
    </ClInclude>
    <ClInclude Include="impl\win64\graphics\dx11\Dx11Texture2D.h">
      <Filter>Header Files</Filter>
    </ClInclude>
    <ClInclude Include="impl\win64\graphics\dx11\Dx11RenderTarget.h">
      <Filter>Header Files</Filter>
    </ClInclude>
    <ClInclude Include="impl\win64\graphics\dx11\DxResult.h">
      <Filter>Header Files</Filter>
    </ClInclude>
    <ClInclude Include="include\cubit\graphics\Color.h">
      <Filter>Header Files</Filter>
    </ClInclude>
    <ClInclude Include="include\cubit\graphics\Shader.h">
      <Filter>Header Files</Filter>
    </ClInclude>
    <ClInclude Include="include\cubit\graphics\VertexShader.h">
      <Filter>Header Files</Filter>
    </ClInclude>
    <ClInclude Include="include\cubit\graphics\PixelShader.h">
      <Filter>Header Files</Filter>
    </ClInclude>
    <ClInclude Include="impl\win64\graphics\dx11\Dx11VertexShader.h">
      <Filter>Header Files</Filter>
    </ClInclude>
    <ClInclude Include="impl\win64\graphics\dx11\Dx11PixelShader.h">
      <Filter>Header Files</Filter>
    </ClInclude>
    <ClInclude Include="impl\win64\graphics\dx11\Dx11ShaderCompiler.h">
      <Filter>Header Files</Filter>
    </ClInclude>
    <ClInclude Include="include\cubit\core\exception.h">
      <Filter>Header Files</Filter>
    </ClInclude>
    <ClInclude Include="impl\win64\graphics\dx11\Dx11InternalComponent.h">
      <Filter>Header Files</Filter>
    </ClInclude>
    <ClInclude Include="impl\win64\graphics\dx11\Dx11Device.h">
      <Filter>Header Files</Filter>
    </ClInclude>
    <ClInclude Include="impl\win64\graphics\dx11\Dx11VertexBuffer.h">
      <Filter>Header Files</Filter>
    </ClInclude>
    <ClInclude Include="include\cubit\graphics\Scene.h">
      <Filter>Header Files</Filter>
    </ClInclude>
    <ClInclude Include="include\cubit\graphics\Model.h">
      <Filter>Header Files</Filter>
    </ClInclude>
    <ClInclude Include="include\cubit\graphics\Instance.h">
      <Filter>Header Files</Filter>
    </ClInclude>
    <ClInclude Include="include\cubit\math\Vector4.h">
      <Filter>Header Files</Filter>
    </ClInclude>
    <ClInclude Include="include\cubit\math\Matrix4.h">
      <Filter>Header Files</Filter>
    </ClInclude>
    <ClInclude Include="include\cubit\math\Vector3.h">
      <Filter>Header Files</Filter>
    </ClInclude>
    <ClInclude Include="include\cubit\math\math.h">
      <Filter>Header Files</Filter>
    </ClInclude>
    <ClInclude Include="include\cubit\math\Constants.h">
      <Filter>Header Files</Filter>
    </ClInclude>
    <ClInclude Include="include\cubit\math\Quaternion.h">
      <Filter>Header Files</Filter>
    </ClInclude>
    <ClInclude Include="include\cubit\math\Operations.h">
      <Filter>Header Files</Filter>
    </ClInclude>
    <ClInclude Include="include\cubit\graphics\Camera.h">
      <Filter>Header Files</Filter>
    </ClInclude>
    <ClInclude Include="include\cubit\graphics\Material.h">
      <Filter>Header Files</Filter>
    </ClInclude>
    <ClInclude Include="include\cubit\graphics\Transform.h">
      <Filter>Header Files</Filter>
    </ClInclude>
    <ClInclude Include="impl\win64\graphics\dx11\models\DebugAxis.h">
      <Filter>Header Files</Filter>
    </ClInclude>
    <ClInclude Include="impl\win64\graphics\dx11\Dx11Model.h">
      <Filter>Header Files</Filter>
    </ClInclude>
    <ClInclude Include="impl\win64\graphics\dx11\Dx11Material.h">
      <Filter>Header Files</Filter>
    </ClInclude>
    <ClInclude Include="include\cubit\graphics\Resources.h">
      <Filter>Header Files</Filter>
    </ClInclude>
    <ClInclude Include="impl\win64\graphics\dx11\Dx11Resources.h">
      <Filter>Header Files</Filter>
    </ClInclude>
    <ClInclude Include="include\cubit\input\Input.h">
      <Filter>Header Files</Filter>
    </ClInclude>
    <ClInclude Include="include\cubit\input\Keys.h">
      <Filter>Header Files</Filter>
    </ClInclude>
    <ClInclude Include="impl\win64\Input\Win64Input.h">
      <Filter>Header Files</Filter>
    </ClInclude>
    <ClInclude Include="impl\win64\Input\Win64InputComponent.h">
      <Filter>Header Files</Filter>
    </ClInclude>
    <ClInclude Include="include\cubit\math\Vector2.h">
      <Filter>Header Files</Filter>
    </ClInclude>
    <ClInclude Include="include\cubit\inject\Factory.h">
      <Filter>Header Files</Filter>
    </ClInclude>
    <ClInclude Include="include\cubit\inject\EagerSingleton.h">
      <Filter>Header Files</Filter>
    </ClInclude>
    <ClInclude Include="include\cubit\inject\FactoryRegistry.h">
      <Filter>Header Files</Filter>
    </ClInclude>
    <ClInclude Include="impl\common\inject\FactoryRegistryImpl.h">
      <Filter>Header Files</Filter>
    </ClInclude>
    <ClInclude Include="impl\common\inject\CommonInjectComponent.h">
      <Filter>Header Files</Filter>
    </ClInclude>
    <ClInclude Include="impl\win64\graphics\dx11\models\Dx11ModelsRegistry.h">
      <Filter>Header Files</Filter>
    </ClInclude>
  </ItemGroup>
  <ItemGroup>
    <None Include="..\build\Debug\data\default.hlsl" />
    <None Include="include\cubit\math\Vector3.inl">
      <Filter>Header Files</Filter>
    </None>
  </ItemGroup>
</Project>