<?xml version="1.0" encoding="utf-8"?>
<Project ToolsVersion="15.0" xmlns="http://schemas.microsoft.com/developer/msbuild/2003">
  <ItemGroup>
    <ClCompile Include="C:\github\cubit\fruit\examples\simple_injection\checked_adder.cpp">
      <Filter>Source Files</Filter>
    </ClCompile>
    <ClCompile Include="C:\github\cubit\fruit\examples\simple_injection\checked_incrementer.cpp">
      <Filter>Source Files</Filter>
    </ClCompile>
    <ClCompile Include="C:\github\cubit\fruit\examples\simple_injection\incrementer_impl.cpp">
      <Filter>Source Files</Filter>
    </ClCompile>
    <ClCompile Include="C:\github\cubit\fruit\examples\simple_injection\incrementer_component.cpp">
      <Filter>Source Files</Filter>
    </ClCompile>
    <ClCompile Include="C:\github\cubit\fruit\examples\simple_injection\simple_adder.cpp">
      <Filter>Source Files</Filter>
    </ClCompile>
    <ClCompile Include="C:\github\cubit\fruit\examples\simple_injection\simple_incrementer.cpp">
      <Filter>Source Files</Filter>
    </ClCompile>
    <ClCompile Include="C:\github\cubit\fruit\examples\simple_injection\main.cpp">
      <Filter>Source Files</Filter>
    </ClCompile>
  </ItemGroup>
  <ItemGroup>
    <CustomBuild Include="C:\github\cubit\fruit\examples\simple_injection\CMakeLists.txt" />
  </ItemGroup>
  <ItemGroup>
    <Filter Include="Source Files">
      <UniqueIdentifier>{B5572997-C9FD-384C-869C-A9836AAE4870}</UniqueIdentifier>
    </Filter>
  </ItemGroup>
</Project>
