<?xml version="1.0" encoding="utf-8"?>
<Project ToolsVersion="15.0" xmlns="http://schemas.microsoft.com/developer/msbuild/2003">
  <ItemGroup>
    <CustomBuild Include="C:\github\cubit\fruit-msvc\CMakeFiles\c341a92536569cfa9288ffc03a5fecb5\INSTALL_force.rule">
      <Filter>CMake Rules</Filter>
    </CustomBuild>
  </ItemGroup>
  <ItemGroup>
    <Filter Include="CMake Rules">
      <UniqueIdentifier>{BC6A171B-F87F-3EF3-A41A-BD62C470568A}</UniqueIdentifier>
    </Filter>
  </ItemGroup>
</Project>
